# THIS IS AN AUTOGENERATED FILE. DO NOT EDIT THIS FILE DIRECTLY.
# yarn lockfile v1


"pegjs@^0.10.0":
  "integrity" "sha512-qI5+oFNEGi3L5HAxDwN2LA4Gg7irF70Zs25edhjld9QemOgp0CbvMtbFcMvFtEo1OityPrcCzkQFB8JP/hxgow=="
  "resolved" "https://registry.npmjs.org/pegjs/-/pegjs-0.10.0.tgz"
  "version" "0.10.0"
